
Microsoft Visual Studio Solution File, Format Version 12.00
# Visual Studio Version 16
VisualStudioVersion = 16.0.30011.22
MinimumVisualStudioVersion = 10.0.40219.1
Project("{FAE04EC0-301F-11D3-BF4B-00C04F79EFBC}") = "YasinHabib_CPRG200_Lab4(LINQ)", "YasinHabib_CPRG200_Lab4(LINQ)\YasinHabib_CPRG200_Lab4(LINQ).csproj", "{74F9DB0D-DBBA-4438-BDA6-C7151F784508}"
EndProject
Global
	GlobalSection(SolutionConfigurationPlatforms) = preSolution
		Debug|Any CPU = Debug|Any CPU
		Release|Any CPU = Release|Any CPU
	EndGlobalSection
	GlobalSection(ProjectConfigurationPlatforms) = postSolution
		{74F9DB0D-DBBA-4438-BDA6-C7151F784508}.Debug|Any CPU.ActiveCfg = Debug|Any CPU
		{74F9DB0D-DBBA-4438-BDA6-C7151F784508}.Debug|Any CPU.Build.0 = Debug|Any CPU
		{74F9DB0D-DBBA-4438-BDA6-C7151F784508}.Release|Any CPU.ActiveCfg = Release|Any CPU
		{74F9DB0D-DBBA-4438-BDA6-C7151F784508}.Release|Any CPU.Build.0 = Release|Any CPU
	EndGlobalSection
	GlobalSection(SolutionProperties) = preSolution
		HideSolutionNode = FALSE
	EndGlobalSection
	GlobalSection(ExtensibilityGlobals) = postSolution
		SolutionGuid = {55A5CCC4-8822-4B95-92DB-71B8D7E58EF2}
	EndGlobalSection
EndGlobal
