
Microsoft Visual Studio Solution File, Format Version 12.00
# Visual Studio Version 16
VisualStudioVersion = 16.0.29920.165
MinimumVisualStudioVersion = 10.0.40219.1
Project("{FAE04EC0-301F-11D3-BF4B-00C04F79EFBC}") = "YasinHabib_CPRG200_Lab1", "YasinHabib_CPRG200_Lab1\YasinHabib_CPRG200_Lab1.csproj", "{49E25E4F-266E-45A2-BF32-E90821817AB7}"
EndProject
Global
	GlobalSection(SolutionConfigurationPlatforms) = preSolution
		Debug|Any CPU = Debug|Any CPU
		Release|Any CPU = Release|Any CPU
	EndGlobalSection
	GlobalSection(ProjectConfigurationPlatforms) = postSolution
		{49E25E4F-266E-45A2-BF32-E90821817AB7}.Debug|Any CPU.ActiveCfg = Debug|Any CPU
		{49E25E4F-266E-45A2-BF32-E90821817AB7}.Debug|Any CPU.Build.0 = Debug|Any CPU
		{49E25E4F-266E-45A2-BF32-E90821817AB7}.Release|Any CPU.ActiveCfg = Release|Any CPU
		{49E25E4F-266E-45A2-BF32-E90821817AB7}.Release|Any CPU.Build.0 = Release|Any CPU
	EndGlobalSection
	GlobalSection(SolutionProperties) = preSolution
		HideSolutionNode = FALSE
	EndGlobalSection
	GlobalSection(ExtensibilityGlobals) = postSolution
		SolutionGuid = {8303150E-5559-4210-9426-24927F5A3A2B}
	EndGlobalSection
EndGlobal
